// !$*UTF8*$!
{
	archiveVersion = 1;
	classes = {
	};
	objectVersion = 50;
	objects = {

/* Begin PBXBuildFile section */
		C8380C0023F7E0BA004512EA /* PhysicsConstants.swift in Sources */ = {isa = PBXBuildFile; fileRef = C8380BFF23F7E0BA004512EA /* PhysicsConstants.swift */; };
		C838C18B23F7F0640095E02D /* Utils.swift in Sources */ = {isa = PBXBuildFile; fileRef = C838C18A23F7F0640095E02D /* Utils.swift */; };
		C838C18D23F7F0E20095E02D /* LevelDesignerConstants.swift in Sources */ = {isa = PBXBuildFile; fileRef = C838C18C23F7F0E20095E02D /* LevelDesignerConstants.swift */; };
		C8666AAC23F4330B0049F52F /* AppDelegate.swift in Sources */ = {isa = PBXBuildFile; fileRef = C8666AAB23F4330B0049F52F /* AppDelegate.swift */; };
		C8666AAE23F4330B0049F52F /* SceneDelegate.swift in Sources */ = {isa = PBXBuildFile; fileRef = C8666AAD23F4330B0049F52F /* SceneDelegate.swift */; };
		C8666AB023F4330B0049F52F /* ViewController.swift in Sources */ = {isa = PBXBuildFile; fileRef = C8666AAF23F4330B0049F52F /* ViewController.swift */; };
		C8666AB323F4330B0049F52F /* Main.storyboard in Resources */ = {isa = PBXBuildFile; fileRef = C8666AB123F4330B0049F52F /* Main.storyboard */; };
		C8666AB523F4330D0049F52F /* Assets.xcassets in Resources */ = {isa = PBXBuildFile; fileRef = C8666AB423F4330D0049F52F /* Assets.xcassets */; };
		C8666AB823F4330D0049F52F /* LaunchScreen.storyboard in Resources */ = {isa = PBXBuildFile; fileRef = C8666AB623F4330D0049F52F /* LaunchScreen.storyboard */; };
		C8666AC123F434010049F52F /* Vector.swift in Sources */ = {isa = PBXBuildFile; fileRef = C8666AC023F434010049F52F /* Vector.swift */; };
		C8666ACB23F4367A0049F52F /* PersistenceDelegate.swift in Sources */ = {isa = PBXBuildFile; fileRef = C8666AC223F4367A0049F52F /* PersistenceDelegate.swift */; };
		C8666ACC23F4367A0049F52F /* Peg.swift in Sources */ = {isa = PBXBuildFile; fileRef = C8666AC323F4367A0049F52F /* Peg.swift */; };
		C8666ACD23F4367A0049F52F /* PersistenceError.swift in Sources */ = {isa = PBXBuildFile; fileRef = C8666AC423F4367A0049F52F /* PersistenceError.swift */; };
		C8666ACE23F4367A0049F52F /* Point.swift in Sources */ = {isa = PBXBuildFile; fileRef = C8666AC523F4367A0049F52F /* Point.swift */; };
		C8666ACF23F4367A0049F52F /* SqlitePersistenceManager.swift in Sources */ = {isa = PBXBuildFile; fileRef = C8666AC623F4367A0049F52F /* SqlitePersistenceManager.swift */; };
		C8666AD023F4367A0049F52F /* GameBoardDimensions.swift in Sources */ = {isa = PBXBuildFile; fileRef = C8666AC723F4367A0049F52F /* GameBoardDimensions.swift */; };
		C8666AD123F4367A0049F52F /* Model.swift in Sources */ = {isa = PBXBuildFile; fileRef = C8666AC823F4367A0049F52F /* Model.swift */; };
		C8666AD223F4367A0049F52F /* GameBoard.swift in Sources */ = {isa = PBXBuildFile; fileRef = C8666AC923F4367A0049F52F /* GameBoard.swift */; };
		C8666AD323F4367A0049F52F /* Color.swift in Sources */ = {isa = PBXBuildFile; fileRef = C8666ACA23F4367A0049F52F /* Color.swift */; };
		C8666AD523F43E5E0049F52F /* PhysicsKinematicsSimulator.swift in Sources */ = {isa = PBXBuildFile; fileRef = C8666AD423F43E5E0049F52F /* PhysicsKinematicsSimulator.swift */; };
		C8666AD723F43E750049F52F /* PhysicsBody.swift in Sources */ = {isa = PBXBuildFile; fileRef = C8666AD623F43E750049F52F /* PhysicsBody.swift */; };
		C8666AD923F538040049F52F /* PhysicsWorld.swift in Sources */ = {isa = PBXBuildFile; fileRef = C8666AD823F538040049F52F /* PhysicsWorld.swift */; };
		C8666ADD23F6A0040049F52F /* Shape.swift in Sources */ = {isa = PBXBuildFile; fileRef = C8666ADC23F6A0040049F52F /* Shape.swift */; };
		C8666ADF23F6B6270049F52F /* PhysicsCollisionSimulator.swift in Sources */ = {isa = PBXBuildFile; fileRef = C8666ADE23F6B6270049F52F /* PhysicsCollisionSimulator.swift */; };
		C8666AE123F6B7070049F52F /* BoundingBox.swift in Sources */ = {isa = PBXBuildFile; fileRef = C8666AE023F6B7070049F52F /* BoundingBox.swift */; };
/* End PBXBuildFile section */

/* Begin PBXFileReference section */
		C8380BFF23F7E0BA004512EA /* PhysicsConstants.swift */ = {isa = PBXFileReference; lastKnownFileType = sourcecode.swift; path = PhysicsConstants.swift; sourceTree = "<group>"; };
		C838C18A23F7F0640095E02D /* Utils.swift */ = {isa = PBXFileReference; fileEncoding = 4; lastKnownFileType = sourcecode.swift; name = Utils.swift; path = ../../../PS2/Peggle/Utils.swift; sourceTree = "<group>"; };
		C838C18C23F7F0E20095E02D /* LevelDesignerConstants.swift */ = {isa = PBXFileReference; fileEncoding = 4; lastKnownFileType = sourcecode.swift; name = LevelDesignerConstants.swift; path = ../../../PS2/Peggle/LevelDesignerConstants.swift; sourceTree = "<group>"; };
		C8666AA823F4330B0049F52F /* PeggleClone.app */ = {isa = PBXFileReference; explicitFileType = wrapper.application; includeInIndex = 0; path = PeggleClone.app; sourceTree = BUILT_PRODUCTS_DIR; };
		C8666AAB23F4330B0049F52F /* AppDelegate.swift */ = {isa = PBXFileReference; lastKnownFileType = sourcecode.swift; path = AppDelegate.swift; sourceTree = "<group>"; };
		C8666AAD23F4330B0049F52F /* SceneDelegate.swift */ = {isa = PBXFileReference; lastKnownFileType = sourcecode.swift; path = SceneDelegate.swift; sourceTree = "<group>"; };
		C8666AAF23F4330B0049F52F /* ViewController.swift */ = {isa = PBXFileReference; lastKnownFileType = sourcecode.swift; path = ViewController.swift; sourceTree = "<group>"; };
		C8666AB223F4330B0049F52F /* Base */ = {isa = PBXFileReference; lastKnownFileType = file.storyboard; name = Base; path = Base.lproj/Main.storyboard; sourceTree = "<group>"; };
		C8666AB423F4330D0049F52F /* Assets.xcassets */ = {isa = PBXFileReference; lastKnownFileType = folder.assetcatalog; path = Assets.xcassets; sourceTree = "<group>"; };
		C8666AB723F4330D0049F52F /* Base */ = {isa = PBXFileReference; lastKnownFileType = file.storyboard; name = Base; path = Base.lproj/LaunchScreen.storyboard; sourceTree = "<group>"; };
		C8666AB923F4330D0049F52F /* Info.plist */ = {isa = PBXFileReference; lastKnownFileType = text.plist.xml; path = Info.plist; sourceTree = "<group>"; };
		C8666AC023F434010049F52F /* Vector.swift */ = {isa = PBXFileReference; lastKnownFileType = sourcecode.swift; path = Vector.swift; sourceTree = "<group>"; };
		C8666AC223F4367A0049F52F /* PersistenceDelegate.swift */ = {isa = PBXFileReference; fileEncoding = 4; lastKnownFileType = sourcecode.swift; path = PersistenceDelegate.swift; sourceTree = "<group>"; };
		C8666AC323F4367A0049F52F /* Peg.swift */ = {isa = PBXFileReference; fileEncoding = 4; lastKnownFileType = sourcecode.swift; path = Peg.swift; sourceTree = "<group>"; };
		C8666AC423F4367A0049F52F /* PersistenceError.swift */ = {isa = PBXFileReference; fileEncoding = 4; lastKnownFileType = sourcecode.swift; path = PersistenceError.swift; sourceTree = "<group>"; };
		C8666AC523F4367A0049F52F /* Point.swift */ = {isa = PBXFileReference; fileEncoding = 4; lastKnownFileType = sourcecode.swift; path = Point.swift; sourceTree = "<group>"; };
		C8666AC623F4367A0049F52F /* SqlitePersistenceManager.swift */ = {isa = PBXFileReference; fileEncoding = 4; lastKnownFileType = sourcecode.swift; path = SqlitePersistenceManager.swift; sourceTree = "<group>"; };
		C8666AC723F4367A0049F52F /* GameBoardDimensions.swift */ = {isa = PBXFileReference; fileEncoding = 4; lastKnownFileType = sourcecode.swift; path = GameBoardDimensions.swift; sourceTree = "<group>"; };
		C8666AC823F4367A0049F52F /* Model.swift */ = {isa = PBXFileReference; fileEncoding = 4; lastKnownFileType = sourcecode.swift; path = Model.swift; sourceTree = "<group>"; };
		C8666AC923F4367A0049F52F /* GameBoard.swift */ = {isa = PBXFileReference; fileEncoding = 4; lastKnownFileType = sourcecode.swift; path = GameBoard.swift; sourceTree = "<group>"; };
		C8666ACA23F4367A0049F52F /* Color.swift */ = {isa = PBXFileReference; fileEncoding = 4; lastKnownFileType = sourcecode.swift; path = Color.swift; sourceTree = "<group>"; };
		C8666AD423F43E5E0049F52F /* PhysicsKinematicsSimulator.swift */ = {isa = PBXFileReference; lastKnownFileType = sourcecode.swift; path = PhysicsKinematicsSimulator.swift; sourceTree = "<group>"; };
		C8666AD623F43E750049F52F /* PhysicsBody.swift */ = {isa = PBXFileReference; lastKnownFileType = sourcecode.swift; path = PhysicsBody.swift; sourceTree = "<group>"; };
		C8666AD823F538040049F52F /* PhysicsWorld.swift */ = {isa = PBXFileReference; lastKnownFileType = sourcecode.swift; path = PhysicsWorld.swift; sourceTree = "<group>"; };
		C8666ADC23F6A0040049F52F /* Shape.swift */ = {isa = PBXFileReference; lastKnownFileType = sourcecode.swift; path = Shape.swift; sourceTree = "<group>"; };
		C8666ADE23F6B6270049F52F /* PhysicsCollisionSimulator.swift */ = {isa = PBXFileReference; lastKnownFileType = sourcecode.swift; path = PhysicsCollisionSimulator.swift; sourceTree = "<group>"; };
		C8666AE023F6B7070049F52F /* BoundingBox.swift */ = {isa = PBXFileReference; lastKnownFileType = sourcecode.swift; path = BoundingBox.swift; sourceTree = "<group>"; };
/* End PBXFileReference section */

/* Begin PBXFrameworksBuildPhase section */
		C8666AA523F4330B0049F52F /* Frameworks */ = {
			isa = PBXFrameworksBuildPhase;
			buildActionMask = 2147483647;
			files = (
			);
			runOnlyForDeploymentPostprocessing = 0;
		};
/* End PBXFrameworksBuildPhase section */

/* Begin PBXGroup section */
		C8666A9F23F4330B0049F52F = {
			isa = PBXGroup;
			children = (
				C8666AAA23F4330B0049F52F /* PeggleClone */,
				C8666AA923F4330B0049F52F /* Products */,
			);
			sourceTree = "<group>";
		};
		C8666AA923F4330B0049F52F /* Products */ = {
			isa = PBXGroup;
			children = (
				C8666AA823F4330B0049F52F /* PeggleClone.app */,
			);
			name = Products;
			sourceTree = "<group>";
		};
		C8666AAA23F4330B0049F52F /* PeggleClone */ = {
			isa = PBXGroup;
			children = (
				C8666AAB23F4330B0049F52F /* AppDelegate.swift */,
				C8666AAD23F4330B0049F52F /* SceneDelegate.swift */,
				C8666AAF23F4330B0049F52F /* ViewController.swift */,
				C838C18C23F7F0E20095E02D /* LevelDesignerConstants.swift */,
				C838C18A23F7F0640095E02D /* Utils.swift */,
				C8666AB123F4330B0049F52F /* Main.storyboard */,
				C8666AC023F434010049F52F /* Vector.swift */,
				C8666AD423F43E5E0049F52F /* PhysicsKinematicsSimulator.swift */,
				C8666AD823F538040049F52F /* PhysicsWorld.swift */,
				C8666ADE23F6B6270049F52F /* PhysicsCollisionSimulator.swift */,
				C8380BFF23F7E0BA004512EA /* PhysicsConstants.swift */,
				C8666ACA23F4367A0049F52F /* Color.swift */,
				C8666AC923F4367A0049F52F /* GameBoard.swift */,
				C8666AE023F6B7070049F52F /* BoundingBox.swift */,
				C8666AC723F4367A0049F52F /* GameBoardDimensions.swift */,
				C8666AC823F4367A0049F52F /* Model.swift */,
				C8666ADC23F6A0040049F52F /* Shape.swift */,
				C8666AC323F4367A0049F52F /* Peg.swift */,
				C8666AD623F43E750049F52F /* PhysicsBody.swift */,
				C8666AC223F4367A0049F52F /* PersistenceDelegate.swift */,
				C8666AC423F4367A0049F52F /* PersistenceError.swift */,
				C8666AC523F4367A0049F52F /* Point.swift */,
				C8666AC623F4367A0049F52F /* SqlitePersistenceManager.swift */,
				C8666AB423F4330D0049F52F /* Assets.xcassets */,
				C8666AB623F4330D0049F52F /* LaunchScreen.storyboard */,
				C8666AB923F4330D0049F52F /* Info.plist */,
			);
			path = PeggleClone;
			sourceTree = "<group>";
		};
/* End PBXGroup section */

/* Begin PBXNativeTarget section */
		C8666AA723F4330B0049F52F /* PeggleClone */ = {
			isa = PBXNativeTarget;
			buildConfigurationList = C8666ABC23F4330D0049F52F /* Build configuration list for PBXNativeTarget "PeggleClone" */;
			buildPhases = (
				C8666AA423F4330B0049F52F /* Sources */,
				C8666AA523F4330B0049F52F /* Frameworks */,
				C8666AA623F4330B0049F52F /* Resources */,
				C8666ABF23F433520049F52F /* ShellScript */,
			);
			buildRules = (
			);
			dependencies = (
			);
			name = PeggleClone;
			productName = PeggleClone;
			productReference = C8666AA823F4330B0049F52F /* PeggleClone.app */;
			productType = "com.apple.product-type.application";
		};
/* End PBXNativeTarget section */

/* Begin PBXProject section */
		C8666AA023F4330B0049F52F /* Project object */ = {
			isa = PBXProject;
			attributes = {
				LastSwiftUpdateCheck = 1130;
				LastUpgradeCheck = 1130;
				ORGANIZATIONNAME = "Sudharshan Madhavan";
				TargetAttributes = {
					C8666AA723F4330B0049F52F = {
						CreatedOnToolsVersion = 11.3.1;
					};
				};
			};
			buildConfigurationList = C8666AA323F4330B0049F52F /* Build configuration list for PBXProject "PeggleClone" */;
			compatibilityVersion = "Xcode 9.3";
			developmentRegion = en;
			hasScannedForEncodings = 0;
			knownRegions = (
				en,
				Base,
			);
			mainGroup = C8666A9F23F4330B0049F52F;
			productRefGroup = C8666AA923F4330B0049F52F /* Products */;
			projectDirPath = "";
			projectRoot = "";
			targets = (
				C8666AA723F4330B0049F52F /* PeggleClone */,
			);
		};
/* End PBXProject section */

/* Begin PBXResourcesBuildPhase section */
		C8666AA623F4330B0049F52F /* Resources */ = {
			isa = PBXResourcesBuildPhase;
			buildActionMask = 2147483647;
			files = (
				C8666AB823F4330D0049F52F /* LaunchScreen.storyboard in Resources */,
				C8666AB523F4330D0049F52F /* Assets.xcassets in Resources */,
				C8666AB323F4330B0049F52F /* Main.storyboard in Resources */,
			);
			runOnlyForDeploymentPostprocessing = 0;
		};
/* End PBXResourcesBuildPhase section */

/* Begin PBXShellScriptBuildPhase section */
		C8666ABF23F433520049F52F /* ShellScript */ = {
			isa = PBXShellScriptBuildPhase;
			buildActionMask = 2147483647;
			files = (
			);
			inputFileListPaths = (
			);
			inputPaths = (
			);
			outputFileListPaths = (
			);
			outputPaths = (
			);
			runOnlyForDeploymentPostprocessing = 0;
			shellPath = /bin/sh;
			shellScript = "if [ \"${CONFIGURATION}\" = \"Debug\" ]; then\nif which swiftlint >/dev/null; then\nswiftlint --config \"$SRCROOT/.swiftlint.yml\"\nelse\necho \"warning: SwiftLint not installed, download from https://github.com/realm/SwiftLint\"\nfi\nfi\n\n";
		};
/* End PBXShellScriptBuildPhase section */

/* Begin PBXSourcesBuildPhase section */
		C8666AA423F4330B0049F52F /* Sources */ = {
			isa = PBXSourcesBuildPhase;
			buildActionMask = 2147483647;
			files = (
				C8666ACF23F4367A0049F52F /* SqlitePersistenceManager.swift in Sources */,
				C8380C0023F7E0BA004512EA /* PhysicsConstants.swift in Sources */,
				C8666ACE23F4367A0049F52F /* Point.swift in Sources */,
				C8666ACC23F4367A0049F52F /* Peg.swift in Sources */,
				C8666ADD23F6A0040049F52F /* Shape.swift in Sources */,
				C8666AE123F6B7070049F52F /* BoundingBox.swift in Sources */,
				C8666AB023F4330B0049F52F /* ViewController.swift in Sources */,
				C8666AD323F4367A0049F52F /* Color.swift in Sources */,
				C8666AD523F43E5E0049F52F /* PhysicsKinematicsSimulator.swift in Sources */,
				C8666AD223F4367A0049F52F /* GameBoard.swift in Sources */,
				C8666ACD23F4367A0049F52F /* PersistenceError.swift in Sources */,
				C8666AD923F538040049F52F /* PhysicsWorld.swift in Sources */,
				C8666AD023F4367A0049F52F /* GameBoardDimensions.swift in Sources */,
				C8666ADF23F6B6270049F52F /* PhysicsCollisionSimulator.swift in Sources */,
				C8666AAC23F4330B0049F52F /* AppDelegate.swift in Sources */,
				C8666ACB23F4367A0049F52F /* PersistenceDelegate.swift in Sources */,
				C8666AD723F43E750049F52F /* PhysicsBody.swift in Sources */,
				C838C18D23F7F0E20095E02D /* LevelDesignerConstants.swift in Sources */,
				C838C18B23F7F0640095E02D /* Utils.swift in Sources */,
				C8666AD123F4367A0049F52F /* Model.swift in Sources */,
				C8666AC123F434010049F52F /* Vector.swift in Sources */,
				C8666AAE23F4330B0049F52F /* SceneDelegate.swift in Sources */,
			);
			runOnlyForDeploymentPostprocessing = 0;
		};
/* End PBXSourcesBuildPhase section */

/* Begin PBXVariantGroup section */
		C8666AB123F4330B0049F52F /* Main.storyboard */ = {
			isa = PBXVariantGroup;
			children = (
				C8666AB223F4330B0049F52F /* Base */,
			);
			name = Main.storyboard;
			sourceTree = "<group>";
		};
		C8666AB623F4330D0049F52F /* LaunchScreen.storyboard */ = {
			isa = PBXVariantGroup;
			children = (
				C8666AB723F4330D0049F52F /* Base */,
			);
			name = LaunchScreen.storyboard;
			sourceTree = "<group>";
		};
/* End PBXVariantGroup section */

/* Begin XCBuildConfiguration section */
		C8666ABA23F4330D0049F52F /* Debug */ = {
			isa = XCBuildConfiguration;
			buildSettings = {
				ALWAYS_SEARCH_USER_PATHS = NO;
				CLANG_ANALYZER_NONNULL = YES;
				CLANG_ANALYZER_NUMBER_OBJECT_CONVERSION = YES_AGGRESSIVE;
				CLANG_CXX_LANGUAGE_STANDARD = "gnu++14";
				CLANG_CXX_LIBRARY = "libc++";
				CLANG_ENABLE_MODULES = YES;
				CLANG_ENABLE_OBJC_ARC = YES;
				CLANG_ENABLE_OBJC_WEAK = YES;
				CLANG_WARN_BLOCK_CAPTURE_AUTORELEASING = YES;
				CLANG_WARN_BOOL_CONVERSION = YES;
				CLANG_WARN_COMMA = YES;
				CLANG_WARN_CONSTANT_CONVERSION = YES;
				CLANG_WARN_DEPRECATED_OBJC_IMPLEMENTATIONS = YES;
				CLANG_WARN_DIRECT_OBJC_ISA_USAGE = YES_ERROR;
				CLANG_WARN_DOCUMENTATION_COMMENTS = YES;
				CLANG_WARN_EMPTY_BODY = YES;
				CLANG_WARN_ENUM_CONVERSION = YES;
				CLANG_WARN_INFINITE_RECURSION = YES;
				CLANG_WARN_INT_CONVERSION = YES;
				CLANG_WARN_NON_LITERAL_NULL_CONVERSION = YES;
				CLANG_WARN_OBJC_IMPLICIT_RETAIN_SELF = YES;
				CLANG_WARN_OBJC_LITERAL_CONVERSION = YES;
				CLANG_WARN_OBJC_ROOT_CLASS = YES_ERROR;
				CLANG_WARN_RANGE_LOOP_ANALYSIS = YES;
				CLANG_WARN_STRICT_PROTOTYPES = YES;
				CLANG_WARN_SUSPICIOUS_MOVE = YES;
				CLANG_WARN_UNGUARDED_AVAILABILITY = YES_AGGRESSIVE;
				CLANG_WARN_UNREACHABLE_CODE = YES;
				CLANG_WARN__DUPLICATE_METHOD_MATCH = YES;
				COPY_PHASE_STRIP = NO;
				DEBUG_INFORMATION_FORMAT = dwarf;
				ENABLE_STRICT_OBJC_MSGSEND = YES;
				ENABLE_TESTABILITY = YES;
				GCC_C_LANGUAGE_STANDARD = gnu11;
				GCC_DYNAMIC_NO_PIC = NO;
				GCC_NO_COMMON_BLOCKS = YES;
				GCC_OPTIMIZATION_LEVEL = 0;
				GCC_PREPROCESSOR_DEFINITIONS = (
					"DEBUG=1",
					"$(inherited)",
				);
				GCC_WARN_64_TO_32_BIT_CONVERSION = YES;
				GCC_WARN_ABOUT_RETURN_TYPE = YES_ERROR;
				GCC_WARN_UNDECLARED_SELECTOR = YES;
				GCC_WARN_UNINITIALIZED_AUTOS = YES_AGGRESSIVE;
				GCC_WARN_UNUSED_FUNCTION = YES;
				GCC_WARN_UNUSED_VARIABLE = YES;
				IPHONEOS_DEPLOYMENT_TARGET = 13.2;
				MTL_ENABLE_DEBUG_INFO = INCLUDE_SOURCE;
				MTL_FAST_MATH = YES;
				ONLY_ACTIVE_ARCH = YES;
				SDKROOT = iphoneos;
				SWIFT_ACTIVE_COMPILATION_CONDITIONS = DEBUG;
				SWIFT_OPTIMIZATION_LEVEL = "-Onone";
			};
			name = Debug;
		};
		C8666ABB23F4330D0049F52F /* Release */ = {
			isa = XCBuildConfiguration;
			buildSettings = {
				ALWAYS_SEARCH_USER_PATHS = NO;
				CLANG_ANALYZER_NONNULL = YES;
				CLANG_ANALYZER_NUMBER_OBJECT_CONVERSION = YES_AGGRESSIVE;
				CLANG_CXX_LANGUAGE_STANDARD = "gnu++14";
				CLANG_CXX_LIBRARY = "libc++";
				CLANG_ENABLE_MODULES = YES;
				CLANG_ENABLE_OBJC_ARC = YES;
				CLANG_ENABLE_OBJC_WEAK = YES;
				CLANG_WARN_BLOCK_CAPTURE_AUTORELEASING = YES;
				CLANG_WARN_BOOL_CONVERSION = YES;
				CLANG_WARN_COMMA = YES;
				CLANG_WARN_CONSTANT_CONVERSION = YES;
				CLANG_WARN_DEPRECATED_OBJC_IMPLEMENTATIONS = YES;
				CLANG_WARN_DIRECT_OBJC_ISA_USAGE = YES_ERROR;
				CLANG_WARN_DOCUMENTATION_COMMENTS = YES;
				CLANG_WARN_EMPTY_BODY = YES;
				CLANG_WARN_ENUM_CONVERSION = YES;
				CLANG_WARN_INFINITE_RECURSION = YES;
				CLANG_WARN_INT_CONVERSION = YES;
				CLANG_WARN_NON_LITERAL_NULL_CONVERSION = YES;
				CLANG_WARN_OBJC_IMPLICIT_RETAIN_SELF = YES;
				CLANG_WARN_OBJC_LITERAL_CONVERSION = YES;
				CLANG_WARN_OBJC_ROOT_CLASS = YES_ERROR;
				CLANG_WARN_RANGE_LOOP_ANALYSIS = YES;
				CLANG_WARN_STRICT_PROTOTYPES = YES;
				CLANG_WARN_SUSPICIOUS_MOVE = YES;
				CLANG_WARN_UNGUARDED_AVAILABILITY = YES_AGGRESSIVE;
				CLANG_WARN_UNREACHABLE_CODE = YES;
				CLANG_WARN__DUPLICATE_METHOD_MATCH = YES;
				COPY_PHASE_STRIP = NO;
				DEBUG_INFORMATION_FORMAT = "dwarf-with-dsym";
				ENABLE_NS_ASSERTIONS = NO;
				ENABLE_STRICT_OBJC_MSGSEND = YES;
				GCC_C_LANGUAGE_STANDARD = gnu11;
				GCC_NO_COMMON_BLOCKS = YES;
				GCC_WARN_64_TO_32_BIT_CONVERSION = YES;
				GCC_WARN_ABOUT_RETURN_TYPE = YES_ERROR;
				GCC_WARN_UNDECLARED_SELECTOR = YES;
				GCC_WARN_UNINITIALIZED_AUTOS = YES_AGGRESSIVE;
				GCC_WARN_UNUSED_FUNCTION = YES;
				GCC_WARN_UNUSED_VARIABLE = YES;
				IPHONEOS_DEPLOYMENT_TARGET = 13.2;
				MTL_ENABLE_DEBUG_INFO = NO;
				MTL_FAST_MATH = YES;
				SDKROOT = iphoneos;
				SWIFT_COMPILATION_MODE = wholemodule;
				SWIFT_OPTIMIZATION_LEVEL = "-O";
				VALIDATE_PRODUCT = YES;
			};
			name = Release;
		};
		C8666ABD23F4330D0049F52F /* Debug */ = {
			isa = XCBuildConfiguration;
			buildSettings = {
				ASSETCATALOG_COMPILER_APPICON_NAME = AppIcon;
				CODE_SIGN_STYLE = Automatic;
				INFOPLIST_FILE = PeggleClone/Info.plist;
				LD_RUNPATH_SEARCH_PATHS = (
					"$(inherited)",
					"@executable_path/Frameworks",
				);
				PRODUCT_BUNDLE_IDENTIFIER = ps2.PeggleClone;
				PRODUCT_NAME = "$(TARGET_NAME)";
				SWIFT_VERSION = 5.0;
				TARGETED_DEVICE_FAMILY = "1,2";
			};
			name = Debug;
		};
		C8666ABE23F4330D0049F52F /* Release */ = {
			isa = XCBuildConfiguration;
			buildSettings = {
				ASSETCATALOG_COMPILER_APPICON_NAME = AppIcon;
				CODE_SIGN_STYLE = Automatic;
				INFOPLIST_FILE = PeggleClone/Info.plist;
				LD_RUNPATH_SEARCH_PATHS = (
					"$(inherited)",
					"@executable_path/Frameworks",
				);
				PRODUCT_BUNDLE_IDENTIFIER = ps2.PeggleClone;
				PRODUCT_NAME = "$(TARGET_NAME)";
				SWIFT_VERSION = 5.0;
				TARGETED_DEVICE_FAMILY = "1,2";
			};
			name = Release;
		};
/* End XCBuildConfiguration section */

/* Begin XCConfigurationList section */
		C8666AA323F4330B0049F52F /* Build configuration list for PBXProject "PeggleClone" */ = {
			isa = XCConfigurationList;
			buildConfigurations = (
				C8666ABA23F4330D0049F52F /* Debug */,
				C8666ABB23F4330D0049F52F /* Release */,
			);
			defaultConfigurationIsVisible = 0;
			defaultConfigurationName = Release;
		};
		C8666ABC23F4330D0049F52F /* Build configuration list for PBXNativeTarget "PeggleClone" */ = {
			isa = XCConfigurationList;
			buildConfigurations = (
				C8666ABD23F4330D0049F52F /* Debug */,
				C8666ABE23F4330D0049F52F /* Release */,
			);
			defaultConfigurationIsVisible = 0;
			defaultConfigurationName = Release;
		};
/* End XCConfigurationList section */
	};
	rootObject = C8666AA023F4330B0049F52F /* Project object */;
}
